
Microsoft Visual Studio Solution File, Format Version 12.00
# Visual Studio Version 17
VisualStudioVersion = 17.6.33815.320
MinimumVisualStudioVersion = 10.0.40219.1
Project("{FAE04EC0-301F-11D3-BF4B-00C04F79EFBC}") = "AddressBook", "AddressBook.csproj", "{0C8740AA-074A-496D-91A2-2DCF8B99C919}"
EndProject
Global
	GlobalSection(SolutionConfigurationPlatforms) = preSolution
		Debug|Any CPU = Debug|Any CPU
		Release|Any CPU = Release|Any CPU
	EndGlobalSection
	GlobalSection(ProjectConfigurationPlatforms) = postSolution
		{0C8740AA-074A-496D-91A2-2DCF8B99C919}.Debug|Any CPU.ActiveCfg = Debug|Any CPU
		{0C8740AA-074A-496D-91A2-2DCF8B99C919}.Debug|Any CPU.Build.0 = Debug|Any CPU
		{0C8740AA-074A-496D-91A2-2DCF8B99C919}.Release|Any CPU.ActiveCfg = Release|Any CPU
		{0C8740AA-074A-496D-91A2-2DCF8B99C919}.Release|Any CPU.Build.0 = Release|Any CPU
	EndGlobalSection
	GlobalSection(SolutionProperties) = preSolution
		HideSolutionNode = FALSE
	EndGlobalSection
	GlobalSection(ExtensibilityGlobals) = postSolution
		SolutionGuid = {7501AFD9-8EF4-4F7F-A94A-BAF87F1ED3EF}
	EndGlobalSection
EndGlobal
